// !$*UTF8*$!
{
	archiveVersion = 1;
	classes = {
	};
	objectVersion = 77;
	objects = {

/* Begin PBXContainerItemProxy section */
		4192AE552F7AE6BE00627D0B /* PBXContainerItemProxy */ = {
			isa = PBXContainerItemProxy;
			containerPortal = 4192AE3B2F7AE6BD00627D0B /* Project object */;
			proxyType = 1;
			remoteGlobalIDString = 4192AE422F7AE6BD00627D0B;
			remoteInfo = UnplannedTravel;
		};
		4192AE5F2F7AE6BE00627D0B /* PBXContainerItemProxy */ = {
			isa = PBXContainerItemProxy;
			containerPortal = 4192AE3B2F7AE6BD00627D0B /* Project object */;
			proxyType = 1;
			remoteGlobalIDString = 4192AE422F7AE6BD00627D0B;
			remoteInfo = UnplannedTravel;
		};
/* End PBXContainerItemProxy section */

/* Begin PBXFileReference section */
		4192AE432F7AE6BD00627D0B /* UnplannedTravel.app */ = {isa = PBXFileReference; explicitFileType = wrapper.application; includeInIndex = 0; path = UnplannedTravel.app; sourceTree = BUILT_PRODUCTS_DIR; };
		4192AE542F7AE6BE00627D0B /* UnplannedTravelTests.xctest */ = {isa = PBXFileReference; explicitFileType = wrapper.cfbundle; includeInIndex = 0; path = UnplannedTravelTests.xctest; sourceTree = BUILT_PRODUCTS_DIR; };
		4192AE5E2F7AE6BE00627D0B /* UnplannedTravelUITests.xctest */ = {isa = PBXFileReference; explicitFileType = wrapper.cfbundle; includeInIndex = 0; path = UnplannedTravelUITests.xctest; sourceTree = BUILT_PRODUCTS_DIR; };
/* End PBXFileReference section */

/* Begin PBXFileSystemSynchronizedBuildFileExceptionSet section */
		4192AE662F7AE6BE00627D0B /* Exceptions for "UnplannedTravel" folder in "UnplannedTravel" target */ = {
			isa = PBXFileSystemSynchronizedBuildFileExceptionSet;
			membershipExceptions = (
				Info.plist,
			);
			target = 4192AE422F7AE6BD00627D0B /* UnplannedTravel */;
		};
/* End PBXFileSystemSynchronizedBuildFileExceptionSet section */

/* Begin PBXFileSystemSynchronizedRootGroup section */
		4192AE452F7AE6BD00627D0B /* UnplannedTravel */ = {
			isa = PBXFileSystemSynchronizedRootGroup;
			exceptions = (
				4192AE662F7AE6BE00627D0B /* Exceptions for "UnplannedTravel" folder in "UnplannedTravel" target */,
			);
			path = UnplannedTravel;
			sourceTree = "<group>";
		};
		4192AE572F7AE6BE00627D0B /* UnplannedTravelTests */ = {
			isa = PBXFileSystemSynchronizedRootGroup;
			path = UnplannedTravelTests;
			sourceTree = "<group>";
		};
		4192AE612F7AE6BE00627D0B /* UnplannedTravelUITests */ = {
			isa = PBXFileSystemSynchronizedRootGroup;
			path = UnplannedTravelUITests;
			sourceTree = "<group>";
		};
/* End PBXFileSystemSynchronizedRootGroup section */

/* Begin PBXFrameworksBuildPhase section */
		4192AE402F7AE6BD00627D0B /* Frameworks */ = {
			isa = PBXFrameworksBuildPhase;
			buildActionMask = 2147483647;
			files = (
			);
			runOnlyForDeploymentPostprocessing = 0;
		};
		4192AE512F7AE6BE00627D0B /* Frameworks */ = {
			isa = PBXFrameworksBuildPhase;
			buildActionMask = 2147483647;
			files = (
			);
			runOnlyForDeploymentPostprocessing = 0;
		};
		4192AE5B2F7AE6BE00627D0B /* Frameworks */ = {
			isa = PBXFrameworksBuildPhase;
			buildActionMask = 2147483647;
			files = (
			);
			runOnlyForDeploymentPostprocessing = 0;
		};
/* End PBXFrameworksBuildPhase section */

/* Begin PBXGroup section */
		4192AE3A2F7AE6BD00627D0B = {
			isa = PBXGroup;
			children = (
				4192AE452F7AE6BD00627D0B /* UnplannedTravel */,
				4192AE572F7AE6BE00627D0B /* UnplannedTravelTests */,
				4192AE612F7AE6BE00627D0B /* UnplannedTravelUITests */,
				4192AE442F7AE6BD00627D0B /* Products */,
			);
			sourceTree = "<group>";
		};
		4192AE442F7AE6BD00627D0B /* Products */ = {
			isa = PBXGroup;
			children = (
				4192AE432F7AE6BD00627D0B /* UnplannedTravel.app */,
				4192AE542F7AE6BE00627D0B /* UnplannedTravelTests.xctest */,
				4192AE5E2F7AE6BE00627D0B /* UnplannedTravelUITests.xctest */,
			);
			name = Products;
			sourceTree = "<group>";
		};
/* End PBXGroup section */

/* Begin PBXNativeTarget section */
		4192AE422F7AE6BD00627D0B /* UnplannedTravel */ = {
			isa = PBXNativeTarget;
			buildConfigurationList = 4192AE672F7AE6BE00627D0B /* Build configuration list for PBXNativeTarget "UnplannedTravel" */;
			buildPhases = (
				4192AE3F2F7AE6BD00627D0B /* Sources */,
				4192AE402F7AE6BD00627D0B /* Frameworks */,
				4192AE412F7AE6BD00627D0B /* Resources */,
			);
			buildRules = (
			);
			dependencies = (
			);
			fileSystemSynchronizedGroups = (
				4192AE452F7AE6BD00627D0B /* UnplannedTravel */,
			);
			name = UnplannedTravel;
			packageProductDependencies = (
			);
			productName = UnplannedTravel;
			productReference = 4192AE432F7AE6BD00627D0B /* UnplannedTravel.app */;
			productType = "com.apple.product-type.application";
		};
		4192AE532F7AE6BE00627D0B /* UnplannedTravelTests */ = {
			isa = PBXNativeTarget;
			buildConfigurationList = 4192AE6C2F7AE6BE00627D0B /* Build configuration list for PBXNativeTarget "UnplannedTravelTests" */;
			buildPhases = (
				4192AE502F7AE6BE00627D0B /* Sources */,
				4192AE512F7AE6BE00627D0B /* Frameworks */,
				4192AE522F7AE6BE00627D0B /* Resources */,
			);
			buildRules = (
			);
			dependencies = (
				4192AE562F7AE6BE00627D0B /* PBXTargetDependency */,
			);
			fileSystemSynchronizedGroups = (
				4192AE572F7AE6BE00627D0B /* UnplannedTravelTests */,
			);
			name = UnplannedTravelTests;
			packageProductDependencies = (
			);
			productName = UnplannedTravelTests;
			productReference = 4192AE542F7AE6BE00627D0B /* UnplannedTravelTests.xctest */;
			productType = "com.apple.product-type.bundle.unit-test";
		};
		4192AE5D2F7AE6BE00627D0B /* UnplannedTravelUITests */ = {
			isa = PBXNativeTarget;
			buildConfigurationList = 4192AE6F2F7AE6BE00627D0B /* Build configuration list for PBXNativeTarget "UnplannedTravelUITests" */;
			buildPhases = (
				4192AE5A2F7AE6BE00627D0B /* Sources */,
				4192AE5B2F7AE6BE00627D0B /* Frameworks */,
				4192AE5C2F7AE6BE00627D0B /* Resources */,
			);
			buildRules = (
			);
			dependencies = (
				4192AE602F7AE6BE00627D0B /* PBXTargetDependency */,
			);
			fileSystemSynchronizedGroups = (
				4192AE612F7AE6BE00627D0B /* UnplannedTravelUITests */,
			);
			name = UnplannedTravelUITests;
			packageProductDependencies = (
			);
			productName = UnplannedTravelUITests;
			productReference = 4192AE5E2F7AE6BE00627D0B /* UnplannedTravelUITests.xctest */;
			productType = "com.apple.product-type.bundle.ui-testing";
		};
/* End PBXNativeTarget section */

/* Begin PBXProject section */
		4192AE3B2F7AE6BD00627D0B /* Project object */ = {
			isa = PBXProject;
			attributes = {
				BuildIndependentTargetsInParallel = 1;
				LastSwiftUpdateCheck = 2630;
				LastUpgradeCheck = 2630;
				TargetAttributes = {
					4192AE422F7AE6BD00627D0B = {
						CreatedOnToolsVersion = 26.3;
					};
					4192AE532F7AE6BE00627D0B = {
						CreatedOnToolsVersion = 26.3;
						TestTargetID = 4192AE422F7AE6BD00627D0B;
					};
					4192AE5D2F7AE6BE00627D0B = {
						CreatedOnToolsVersion = 26.3;
						TestTargetID = 4192AE422F7AE6BD00627D0B;
					};
				};
			};
			buildConfigurationList = 4192AE3E2F7AE6BD00627D0B /* Build configuration list for PBXProject "UnplannedTravel" */;
			developmentRegion = en;
			hasScannedForEncodings = 0;
			knownRegions = (
				en,
				Base,
			);
			mainGroup = 4192AE3A2F7AE6BD00627D0B;
			minimizedProjectReferenceProxies = 1;
			preferredProjectObjectVersion = 77;
			productRefGroup = 4192AE442F7AE6BD00627D0B /* Products */;
			projectDirPath = "";
			projectRoot = "";
			targets = (
				4192AE422F7AE6BD00627D0B /* UnplannedTravel */,
				4192AE532F7AE6BE00627D0B /* UnplannedTravelTests */,
				4192AE5D2F7AE6BE00627D0B /* UnplannedTravelUITests */,
			);
		};
/* End PBXProject section */

/* Begin PBXResourcesBuildPhase section */
		4192AE412F7AE6BD00627D0B /* Resources */ = {
			isa = PBXResourcesBuildPhase;
			buildActionMask = 2147483647;
			files = (
			);
			runOnlyForDeploymentPostprocessing = 0;
		};
		4192AE522F7AE6BE00627D0B /* Resources */ = {
			isa = PBXResourcesBuildPhase;
			buildActionMask = 2147483647;
			files = (
			);
			runOnlyForDeploymentPostprocessing = 0;
		};
		4192AE5C2F7AE6BE00627D0B /* Resources */ = {
			isa = PBXResourcesBuildPhase;
			buildActionMask = 2147483647;
			files = (
			);
			runOnlyForDeploymentPostprocessing = 0;
		};
/* End PBXResourcesBuildPhase section */

/* Begin PBXSourcesBuildPhase section */
		4192AE3F2F7AE6BD00627D0B /* Sources */ = {
			isa = PBXSourcesBuildPhase;
			buildActionMask = 2147483647;
			files = (
			);
			runOnlyForDeploymentPostprocessing = 0;
		};
		4192AE502F7AE6BE00627D0B /* Sources */ = {
			isa = PBXSourcesBuildPhase;
			buildActionMask = 2147483647;
			files = (
			);
			runOnlyForDeploymentPostprocessing = 0;
		};
		4192AE5A2F7AE6BE00627D0B /* Sources */ = {
			isa = PBXSourcesBuildPhase;
			buildActionMask = 2147483647;
			files = (
			);
			runOnlyForDeploymentPostprocessing = 0;
		};
/* End PBXSourcesBuildPhase section */

/* Begin PBXTargetDependency section */
		4192AE562F7AE6BE00627D0B /* PBXTargetDependency */ = {
			isa = PBXTargetDependency;
			target = 4192AE422F7AE6BD00627D0B /* UnplannedTravel */;
			targetProxy = 4192AE552F7AE6BE00627D0B /* PBXContainerItemProxy */;
		};
		4192AE602F7AE6BE00627D0B /* PBXTargetDependency */ = {
			isa = PBXTargetDependency;
			target = 4192AE422F7AE6BD00627D0B /* UnplannedTravel */;
			targetProxy = 4192AE5F2F7AE6BE00627D0B /* PBXContainerItemProxy */;
		};
/* End PBXTargetDependency section */

/* Begin XCBuildConfiguration section */
		4192AE682F7AE6BE00627D0B /* Debug */ = {
			isa = XCBuildConfiguration;
			buildSettings = {
				ASSETCATALOG_COMPILER_APPICON_NAME = AppIcon;
				ASSETCATALOG_COMPILER_GLOBAL_ACCENT_COLOR_NAME = AccentColor;
				CODE_SIGN_ENTITLEMENTS = UnplannedTravel/UnplannedTravel.entitlements;
				CODE_SIGN_STYLE = Automatic;
				CURRENT_PROJECT_VERSION = 1;
				DEVELOPMENT_TEAM = RSEH385M54;
				ENABLE_PREVIEWS = YES;
				GENERATE_INFOPLIST_FILE = YES;
				INFOPLIST_FILE = UnplannedTravel/Info.plist;
				INFOPLIST_KEY_UIApplicationSceneManifest_Generation = YES;
				INFOPLIST_KEY_UIApplicationSupportsIndirectInputEvents = YES;
				INFOPLIST_KEY_UILaunchScreen_Generation = YES;
				INFOPLIST_KEY_UISupportedInterfaceOrientations_iPad = "UIInterfaceOrientationPortrait UIInterfaceOrientationPortraitUpsideDown UIInterfaceOrientationLandscapeLeft UIInterfaceOrientationLandscapeRight";
				INFOPLIST_KEY_UISupportedInterfaceOrientations_iPhone = "UIInterfaceOrientationPortrait UIInterfaceOrientationLandscapeLeft UIInterfaceOrientationLandscapeRight";
				LD_RUNPATH_SEARCH_PATHS = (
					"$(inherited)",
					"@executable_path/Frameworks",
				);
				MARKETING_VERSION = 1.0;
				PRODUCT_BUNDLE_IDENTIFIER = com.jaureguialzo.UnplannedTravel;
				PRODUCT_NAME = "$(TARGET_NAME)";
				STRING_CATALOG_GENERATE_SYMBOLS = YES;
				SWIFT_APPROACHABLE_CONCURRENCY = YES;
				SWIFT_DEFAULT_ACTOR_ISOLATION = MainActor;
				SWIFT_EMIT_LOC_STRINGS = YES;
				SWIFT_UPCOMING_FEATURE_MEMBER_IMPORT_VISIBILITY = YES;
				SWIFT_VERSION = 5.0;
				TARGETED_DEVICE_FAMILY = "1,2";
			};
			name = Debug;
		};
		4192AE692F7AE6BE00627D0B /* Release */ = {
			isa = XCBuildConfiguration;
			buildSettings = {
				ASSETCATALOG_COMPILER_APPICON_NAME = AppIcon;
				ASSETCATALOG_COMPILER_GLOBAL_ACCENT_COLOR_NAME = AccentColor;
				CODE_SIGN_ENTITLEMENTS = UnplannedTravel/UnplannedTravel.entitlements;
				CODE_SIGN_STYLE = Automatic;
				CURRENT_PROJECT_VERSION = 1;
				DEVELOPMENT_TEAM = RSEH385M54;
				ENABLE_PREVIEWS = YES;
				GENERATE_INFOPLIST_FILE = YES;
				INFOPLIST_FILE = UnplannedTravel/Info.plist;
				INFOPLIST_KEY_UIApplicationSceneManifest_Generation = YES;
				INFOPLIST_KEY_UIApplicationSupportsIndirectInputEvents = YES;
				INFOPLIST_KEY_UILaunchScreen_Generation = YES;
				INFOPLIST_KEY_UISupportedInterfaceOrientations_iPad = "UIInterfaceOrientationPortrait UIInterfaceOrientationPortraitUpsideDown UIInterfaceOrientationLandscapeLeft UIInterfaceOrientationLandscapeRight";
				INFOPLIST_KEY_UISupportedInterfaceOrientations_iPhone = "UIInterfaceOrientationPortrait UIInterfaceOrientationLandscapeLeft UIInterfaceOrientationLandscapeRight";
				LD_RUNPATH_SEARCH_PATHS = (
					"$(inherited)",
					"@executable_path/Frameworks",
				);
				MARKETING_VERSION = 1.0;
				PRODUCT_BUNDLE_IDENTIFIER = com.jaureguialzo.UnplannedTravel;
				PRODUCT_NAME = "$(TARGET_NAME)";
				STRING_CATALOG_GENERATE_SYMBOLS = YES;
				SWIFT_APPROACHABLE_CONCURRENCY = YES;
				SWIFT_DEFAULT_ACTOR_ISOLATION = MainActor;
				SWIFT_EMIT_LOC_STRINGS = YES;
				SWIFT_UPCOMING_FEATURE_MEMBER_IMPORT_VISIBILITY = YES;
				SWIFT_VERSION = 5.0;
				TARGETED_DEVICE_FAMILY = "1,2";
			};
			name = Release;
		};
		4192AE6A2F7AE6BE00627D0B /* Debug */ = {
			isa = XCBuildConfiguration;
			buildSettings = {
				ALWAYS_SEARCH_USER_PATHS = NO;
				ASSETCATALOG_COMPILER_GENERATE_SWIFT_ASSET_SYMBOL_EXTENSIONS = YES;
				CLANG_ANALYZER_NONNULL = YES;
				CLANG_ANALYZER_NUMBER_OBJECT_CONVERSION = YES_AGGRESSIVE;
				CLANG_CXX_LANGUAGE_STANDARD = "gnu++20";
				CLANG_ENABLE_MODULES = YES;
				CLANG_ENABLE_OBJC_ARC = YES;
				CLANG_ENABLE_OBJC_WEAK = YES;
				CLANG_WARN_BLOCK_CAPTURE_AUTORELEASING = YES;
				CLANG_WARN_BOOL_CONVERSION = YES;
				CLANG_WARN_COMMA = YES;
				CLANG_WARN_CONSTANT_CONVERSION = YES;
				CLANG_WARN_DEPRECATED_OBJC_IMPLEMENTATIONS = YES;
				CLANG_WARN_DIRECT_OBJC_ISA_USAGE = YES_ERROR;
				CLANG_WARN_DOCUMENTATION_COMMENTS = YES;
				CLANG_WARN_EMPTY_BODY = YES;
				CLANG_WARN_ENUM_CONVERSION = YES;
				CLANG_WARN_INFINITE_RECURSION = YES;
				CLANG_WARN_INT_CONVERSION = YES;
				CLANG_WARN_NON_LITERAL_NULL_CONVERSION = YES;
				CLANG_WARN_OBJC_IMPLICIT_RETAIN_SELF = YES;
				CLANG_WARN_OBJC_LITERAL_CONVERSION = YES;
				CLANG_WARN_OBJC_ROOT_CLASS = YES_ERROR;
				CLANG_WARN_QUOTED_INCLUDE_IN_FRAMEWORK_HEADER = YES;
				CLANG_WARN_RANGE_LOOP_ANALYSIS = YES;
				CLANG_WARN_STRICT_PROTOTYPES = YES;
				CLANG_WARN_SUSPICIOUS_MOVE = YES;
				CLANG_WARN_UNGUARDED_AVAILABILITY = YES_AGGRESSIVE;
				CLANG_WARN_UNREACHABLE_CODE = YES;
				CLANG_WARN__DUPLICATE_METHOD_MATCH = YES;
				COPY_PHASE_STRIP = NO;
				DEBUG_INFORMATION_FORMAT = dwarf;
				DEVELOPMENT_TEAM = RSEH385M54;
				ENABLE_STRICT_OBJC_MSGSEND = YES;
				ENABLE_TESTABILITY = YES;
				ENABLE_USER_SCRIPT_SANDBOXING = YES;
				GCC_C_LANGUAGE_STANDARD = gnu17;
				GCC_DYNAMIC_NO_PIC = NO;
				GCC_NO_COMMON_BLOCKS = YES;
				GCC_OPTIMIZATION_LEVEL = 0;
				GCC_PREPROCESSOR_DEFINITIONS = (
					"DEBUG=1",
					"$(inherited)",
				);
				GCC_WARN_64_TO_32_BIT_CONVERSION = YES;
				GCC_WARN_ABOUT_RETURN_TYPE = YES_ERROR;
				GCC_WARN_UNDECLARED_SELECTOR = YES;
				GCC_WARN_UNINITIALIZED_AUTOS = YES_AGGRESSIVE;
				GCC_WARN_UNUSED_FUNCTION = YES;
				GCC_WARN_UNUSED_VARIABLE = YES;
				IPHONEOS_DEPLOYMENT_TARGET = 26.2;
				LOCALIZATION_PREFERS_STRING_CATALOGS = YES;
				MTL_ENABLE_DEBUG_INFO = INCLUDE_SOURCE;
				MTL_FAST_MATH = YES;
				ONLY_ACTIVE_ARCH = YES;
				SDKROOT = iphoneos;
				SWIFT_ACTIVE_COMPILATION_CONDITIONS = "DEBUG $(inherited)";
				SWIFT_OPTIMIZATION_LEVEL = "-Onone";
			};
			name = Debug;
		};
		4192AE6B2F7AE6BE00627D0B /* Release */ = {
			isa = XCBuildConfiguration;
			buildSettings = {
				ALWAYS_SEARCH_USER_PATHS = NO;
				ASSETCATALOG_COMPILER_GENERATE_SWIFT_ASSET_SYMBOL_EXTENSIONS = YES;
				CLANG_ANALYZER_NONNULL = YES;
				CLANG_ANALYZER_NUMBER_OBJECT_CONVERSION = YES_AGGRESSIVE;
				CLANG_CXX_LANGUAGE_STANDARD = "gnu++20";
				CLANG_ENABLE_MODULES = YES;
				CLANG_ENABLE_OBJC_ARC = YES;
				CLANG_ENABLE_OBJC_WEAK = YES;
				CLANG_WARN_BLOCK_CAPTURE_AUTORELEASING = YES;
				CLANG_WARN_BOOL_CONVERSION = YES;
				CLANG_WARN_COMMA = YES;
				CLANG_WARN_CONSTANT_CONVERSION = YES;
				CLANG_WARN_DEPRECATED_OBJC_IMPLEMENTATIONS = YES;
				CLANG_WARN_DIRECT_OBJC_ISA_USAGE = YES_ERROR;
				CLANG_WARN_DOCUMENTATION_COMMENTS = YES;
				CLANG_WARN_EMPTY_BODY = YES;
				CLANG_WARN_ENUM_CONVERSION = YES;
				CLANG_WARN_INFINITE_RECURSION = YES;
				CLANG_WARN_INT_CONVERSION = YES;
				CLANG_WARN_NON_LITERAL_NULL_CONVERSION = YES;
				CLANG_WARN_OBJC_IMPLICIT_RETAIN_SELF = YES;
				CLANG_WARN_OBJC_LITERAL_CONVERSION = YES;
				CLANG_WARN_OBJC_ROOT_CLASS = YES_ERROR;
				CLANG_WARN_QUOTED_INCLUDE_IN_FRAMEWORK_HEADER = YES;
				CLANG_WARN_RANGE_LOOP_ANALYSIS = YES;
				CLANG_WARN_STRICT_PROTOTYPES = YES;
				CLANG_WARN_SUSPICIOUS_MOVE = YES;
				CLANG_WARN_UNGUARDED_AVAILABILITY = YES_AGGRESSIVE;
				CLANG_WARN_UNREACHABLE_CODE = YES;
				CLANG_WARN__DUPLICATE_METHOD_MATCH = YES;
				COPY_PHASE_STRIP = NO;
				DEBUG_INFORMATION_FORMAT = "dwarf-with-dsym";
				DEVELOPMENT_TEAM = RSEH385M54;
				ENABLE_NS_ASSERTIONS = NO;
				ENABLE_STRICT_OBJC_MSGSEND = YES;
				ENABLE_USER_SCRIPT_SANDBOXING = YES;
				GCC_C_LANGUAGE_STANDARD = gnu17;
				GCC_NO_COMMON_BLOCKS = YES;
				GCC_WARN_64_TO_32_BIT_CONVERSION = YES;
				GCC_WARN_ABOUT_RETURN_TYPE = YES_ERROR;
				GCC_WARN_UNDECLARED_SELECTOR = YES;
				GCC_WARN_UNINITIALIZED_AUTOS = YES_AGGRESSIVE;
				GCC_WARN_UNUSED_FUNCTION = YES;
				GCC_WARN_UNUSED_VARIABLE = YES;
				IPHONEOS_DEPLOYMENT_TARGET = 26.2;
				LOCALIZATION_PREFERS_STRING_CATALOGS = YES;
				MTL_ENABLE_DEBUG_INFO = NO;
				MTL_FAST_MATH = YES;
				SDKROOT = iphoneos;
				SWIFT_COMPILATION_MODE = wholemodule;
				VALIDATE_PRODUCT = YES;
			};
			name = Release;
		};
		4192AE6D2F7AE6BE00627D0B /* Debug */ = {
			isa = XCBuildConfiguration;
			buildSettings = {
				BUNDLE_LOADER = "$(TEST_HOST)";
				CODE_SIGN_STYLE = Automatic;
				CURRENT_PROJECT_VERSION = 1;
				DEVELOPMENT_TEAM = RSEH385M54;
				GENERATE_INFOPLIST_FILE = YES;
				IPHONEOS_DEPLOYMENT_TARGET = 26.2;
				MARKETING_VERSION = 1.0;
				PRODUCT_BUNDLE_IDENTIFIER = com.jaureguialzo.UnplannedTravelTests;
				PRODUCT_NAME = "$(TARGET_NAME)";
				STRING_CATALOG_GENERATE_SYMBOLS = NO;
				SWIFT_APPROACHABLE_CONCURRENCY = YES;
				SWIFT_EMIT_LOC_STRINGS = NO;
				SWIFT_UPCOMING_FEATURE_MEMBER_IMPORT_VISIBILITY = YES;
				SWIFT_VERSION = 5.0;
				TARGETED_DEVICE_FAMILY = "1,2";
				TEST_HOST = "$(BUILT_PRODUCTS_DIR)/UnplannedTravel.app/$(BUNDLE_EXECUTABLE_FOLDER_PATH)/UnplannedTravel";
			};
			name = Debug;
		};
		4192AE6E2F7AE6BE00627D0B /* Release */ = {
			isa = XCBuildConfiguration;
			buildSettings = {
				BUNDLE_LOADER = "$(TEST_HOST)";
				CODE_SIGN_STYLE = Automatic;
				CURRENT_PROJECT_VERSION = 1;
				DEVELOPMENT_TEAM = RSEH385M54;
				GENERATE_INFOPLIST_FILE = YES;
				IPHONEOS_DEPLOYMENT_TARGET = 26.2;
				MARKETING_VERSION = 1.0;
				PRODUCT_BUNDLE_IDENTIFIER = com.jaureguialzo.UnplannedTravelTests;
				PRODUCT_NAME = "$(TARGET_NAME)";
				STRING_CATALOG_GENERATE_SYMBOLS = NO;
				SWIFT_APPROACHABLE_CONCURRENCY = YES;
				SWIFT_EMIT_LOC_STRINGS = NO;
				SWIFT_UPCOMING_FEATURE_MEMBER_IMPORT_VISIBILITY = YES;
				SWIFT_VERSION = 5.0;
				TARGETED_DEVICE_FAMILY = "1,2";
				TEST_HOST = "$(BUILT_PRODUCTS_DIR)/UnplannedTravel.app/$(BUNDLE_EXECUTABLE_FOLDER_PATH)/UnplannedTravel";
			};
			name = Release;
		};
		4192AE702F7AE6BE00627D0B /* Debug */ = {
			isa = XCBuildConfiguration;
			buildSettings = {
				CODE_SIGN_STYLE = Automatic;
				CURRENT_PROJECT_VERSION = 1;
				DEVELOPMENT_TEAM = RSEH385M54;
				GENERATE_INFOPLIST_FILE = YES;
				MARKETING_VERSION = 1.0;
				PRODUCT_BUNDLE_IDENTIFIER = com.jaureguialzo.UnplannedTravelUITests;
				PRODUCT_NAME = "$(TARGET_NAME)";
				STRING_CATALOG_GENERATE_SYMBOLS = NO;
				SWIFT_APPROACHABLE_CONCURRENCY = YES;
				SWIFT_EMIT_LOC_STRINGS = NO;
				SWIFT_UPCOMING_FEATURE_MEMBER_IMPORT_VISIBILITY = YES;
				SWIFT_VERSION = 5.0;
				TARGETED_DEVICE_FAMILY = "1,2";
				TEST_TARGET_NAME = UnplannedTravel;
			};
			name = Debug;
		};
		4192AE712F7AE6BE00627D0B /* Release */ = {
			isa = XCBuildConfiguration;
			buildSettings = {
				CODE_SIGN_STYLE = Automatic;
				CURRENT_PROJECT_VERSION = 1;
				DEVELOPMENT_TEAM = RSEH385M54;
				GENERATE_INFOPLIST_FILE = YES;
				MARKETING_VERSION = 1.0;
				PRODUCT_BUNDLE_IDENTIFIER = com.jaureguialzo.UnplannedTravelUITests;
				PRODUCT_NAME = "$(TARGET_NAME)";
				STRING_CATALOG_GENERATE_SYMBOLS = NO;
				SWIFT_APPROACHABLE_CONCURRENCY = YES;
				SWIFT_EMIT_LOC_STRINGS = NO;
				SWIFT_UPCOMING_FEATURE_MEMBER_IMPORT_VISIBILITY = YES;
				SWIFT_VERSION = 5.0;
				TARGETED_DEVICE_FAMILY = "1,2";
				TEST_TARGET_NAME = UnplannedTravel;
			};
			name = Release;
		};
/* End XCBuildConfiguration section */

/* Begin XCConfigurationList section */
		4192AE3E2F7AE6BD00627D0B /* Build configuration list for PBXProject "UnplannedTravel" */ = {
			isa = XCConfigurationList;
			buildConfigurations = (
				4192AE6A2F7AE6BE00627D0B /* Debug */,
				4192AE6B2F7AE6BE00627D0B /* Release */,
			);
			defaultConfigurationIsVisible = 0;
			defaultConfigurationName = Release;
		};
		4192AE672F7AE6BE00627D0B /* Build configuration list for PBXNativeTarget "UnplannedTravel" */ = {
			isa = XCConfigurationList;
			buildConfigurations = (
				4192AE682F7AE6BE00627D0B /* Debug */,
				4192AE692F7AE6BE00627D0B /* Release */,
			);
			defaultConfigurationIsVisible = 0;
			defaultConfigurationName = Release;
		};
		4192AE6C2F7AE6BE00627D0B /* Build configuration list for PBXNativeTarget "UnplannedTravelTests" */ = {
			isa = XCConfigurationList;
			buildConfigurations = (
				4192AE6D2F7AE6BE00627D0B /* Debug */,
				4192AE6E2F7AE6BE00627D0B /* Release */,
			);
			defaultConfigurationIsVisible = 0;
			defaultConfigurationName = Release;
		};
		4192AE6F2F7AE6BE00627D0B /* Build configuration list for PBXNativeTarget "UnplannedTravelUITests" */ = {
			isa = XCConfigurationList;
			buildConfigurations = (
				4192AE702F7AE6BE00627D0B /* Debug */,
				4192AE712F7AE6BE00627D0B /* Release */,
			);
			defaultConfigurationIsVisible = 0;
			defaultConfigurationName = Release;
		};
/* End XCConfigurationList section */
	};
	rootObject = 4192AE3B2F7AE6BD00627D0B /* Project object */;
}
